
Microsoft Visual Studio Solution File, Format Version 12.00
# Visual Studio Version 16
VisualStudioVersion = 16.0.32228.343
MinimumVisualStudioVersion = 10.0.40219.1
Project("{FAE04EC0-301F-11D3-BF4B-00C04F79EFBC}") = "Assingment_one_QTen_AmitJ", "Assingment_one_QTen_AmitJ\Assingment_one_QTen_AmitJ.csproj", "{AB764EEE-FCB1-4520-86AB-33FEC7849D4E}"
EndProject
Global
	GlobalSection(SolutionConfigurationPlatforms) = preSolution
		Debug|Any CPU = Debug|Any CPU
		Release|Any CPU = Release|Any CPU
	EndGlobalSection
	GlobalSection(ProjectConfigurationPlatforms) = postSolution
		{AB764EEE-FCB1-4520-86AB-33FEC7849D4E}.Debug|Any CPU.ActiveCfg = Debug|Any CPU
		{AB764EEE-FCB1-4520-86AB-33FEC7849D4E}.Debug|Any CPU.Build.0 = Debug|Any CPU
		{AB764EEE-FCB1-4520-86AB-33FEC7849D4E}.Release|Any CPU.ActiveCfg = Release|Any CPU
		{AB764EEE-FCB1-4520-86AB-33FEC7849D4E}.Release|Any CPU.Build.0 = Release|Any CPU
	EndGlobalSection
	GlobalSection(SolutionProperties) = preSolution
		HideSolutionNode = FALSE
	EndGlobalSection
	GlobalSection(ExtensibilityGlobals) = postSolution
		SolutionGuid = {3BBF974D-7B2B-43A6-8165-3E58BEF70E3E}
	EndGlobalSection
EndGlobal
