
Microsoft Visual Studio Solution File, Format Version 12.00
# Visual Studio Version 16
VisualStudioVersion = 16.0.32228.343
MinimumVisualStudioVersion = 10.0.40219.1
Project("{FAE04EC0-301F-11D3-BF4B-00C04F79EFBC}") = "Assingment_one_QFive_AmitJ", "Assingment_one_QFive_AmitJ\Assingment_one_QFive_AmitJ.csproj", "{484B44CA-0EBA-4D92-ACD6-9AB4FA576E26}"
EndProject
Global
	GlobalSection(SolutionConfigurationPlatforms) = preSolution
		Debug|Any CPU = Debug|Any CPU
		Release|Any CPU = Release|Any CPU
	EndGlobalSection
	GlobalSection(ProjectConfigurationPlatforms) = postSolution
		{484B44CA-0EBA-4D92-ACD6-9AB4FA576E26}.Debug|Any CPU.ActiveCfg = Debug|Any CPU
		{484B44CA-0EBA-4D92-ACD6-9AB4FA576E26}.Debug|Any CPU.Build.0 = Debug|Any CPU
		{484B44CA-0EBA-4D92-ACD6-9AB4FA576E26}.Release|Any CPU.ActiveCfg = Release|Any CPU
		{484B44CA-0EBA-4D92-ACD6-9AB4FA576E26}.Release|Any CPU.Build.0 = Release|Any CPU
	EndGlobalSection
	GlobalSection(SolutionProperties) = preSolution
		HideSolutionNode = FALSE
	EndGlobalSection
	GlobalSection(ExtensibilityGlobals) = postSolution
		SolutionGuid = {2C2E66BE-C5A1-45BF-BDB7-BDCDAC3C714A}
	EndGlobalSection
EndGlobal
