
Microsoft Visual Studio Solution File, Format Version 12.00
# Visual Studio Version 16
VisualStudioVersion = 16.0.32228.343
MinimumVisualStudioVersion = 10.0.40219.1
Project("{FAE04EC0-301F-11D3-BF4B-00C04F79EFBC}") = "Assingment_one_QSeven_AmitJ", "Assingment_one_QSeven_AmitJ\Assingment_one_QSeven_AmitJ.csproj", "{40E90B14-1867-479B-9B53-2A38171DEB82}"
EndProject
Global
	GlobalSection(SolutionConfigurationPlatforms) = preSolution
		Debug|Any CPU = Debug|Any CPU
		Release|Any CPU = Release|Any CPU
	EndGlobalSection
	GlobalSection(ProjectConfigurationPlatforms) = postSolution
		{40E90B14-1867-479B-9B53-2A38171DEB82}.Debug|Any CPU.ActiveCfg = Debug|Any CPU
		{40E90B14-1867-479B-9B53-2A38171DEB82}.Debug|Any CPU.Build.0 = Debug|Any CPU
		{40E90B14-1867-479B-9B53-2A38171DEB82}.Release|Any CPU.ActiveCfg = Release|Any CPU
		{40E90B14-1867-479B-9B53-2A38171DEB82}.Release|Any CPU.Build.0 = Release|Any CPU
	EndGlobalSection
	GlobalSection(SolutionProperties) = preSolution
		HideSolutionNode = FALSE
	EndGlobalSection
	GlobalSection(ExtensibilityGlobals) = postSolution
		SolutionGuid = {49221D5D-0798-4135-9102-AC408DC9B2D3}
	EndGlobalSection
EndGlobal
